
Microsoft Visual Studio Solution File, Format Version 12.00
# Visual Studio 14
VisualStudioVersion = 14.0.24720.0
MinimumVisualStudioVersion = 10.0.40219.1
Project("{FAE04EC0-301F-11D3-BF4B-00C04F79EFBC}") = "SchindlerSwipeServer", "SchindlerSwipeServer\SchindlerSwipeServer.csproj", "{5C768EA1-B115-44D5-AA86-8612C2F603FA}"
EndProject
Global
	GlobalSection(SolutionConfigurationPlatforms) = preSolution
		Debug|Any CPU = Debug|Any CPU
		Release|Any CPU = Release|Any CPU
	EndGlobalSection
	GlobalSection(ProjectConfigurationPlatforms) = postSolution
		{5C768EA1-B115-44D5-AA86-8612C2F603FA}.Debug|Any CPU.ActiveCfg = Debug|Any CPU
		{5C768EA1-B115-44D5-AA86-8612C2F603FA}.Debug|Any CPU.Build.0 = Debug|Any CPU
		{5C768EA1-B115-44D5-AA86-8612C2F603FA}.Release|Any CPU.ActiveCfg = Release|Any CPU
		{5C768EA1-B115-44D5-AA86-8612C2F603FA}.Release|Any CPU.Build.0 = Release|Any CPU
	EndGlobalSection
	GlobalSection(SolutionProperties) = preSolution
		HideSolutionNode = FALSE
	EndGlobalSection
EndGlobal
